
Microsoft Visual Studio Solution File, Format Version 12.00
# Visual Studio Version 17
VisualStudioVersion = 17.11.35303.130
MinimumVisualStudioVersion = 10.0.40219.1
Project("{2150E333-8FDC-42A3-9474-1A3956D46DE8}") = "Task0", "Task0", "{D0E73D93-7410-4A76-9E8F-9489BCCCD654}"
EndProject
Project("{9A19103F-16F7-4668-BE54-9A1E7A4F7556}") = "Tyuiu.ZhanabaevTA.Sprint0.Task0.V0", "Tyuiu.ZhanabaevTA.Sprint0.Task0.V0\Tyuiu.ZhanabaevTA.Sprint0.Task0.V0.csproj", "{F051547F-95D5-4718-84D6-D4C1E52ABD26}"
EndProject
Project("{2150E333-8FDC-42A3-9474-1A3956D46DE8}") = "Task1", "Task1", "{A41C3604-E16D-43C9-B7D8-252AF3325EA2}"
EndProject
Project("{9A19103F-16F7-4668-BE54-9A1E7A4F7556}") = "Tyuiu.ZhanabaevTA.Sprint0.Task1.V0", "Tyuiu.ZhanabaevTA.Sprint0.Task1.V0\Tyuiu.ZhanabaevTA.Sprint0.Task1.V0.csproj", "{433B7647-0DAF-4216-A620-99192ADB6DFC}"
EndProject
Project("{2150E333-8FDC-42A3-9474-1A3956D46DE8}") = "Task2", "Task2", "{89D20775-4EAF-44B0-86EE-156FA2954ADC}"
EndProject
Project("{9A19103F-16F7-4668-BE54-9A1E7A4F7556}") = "Tyuiu.ZhanabaevTA.Sprint0.Task2.V0", "Tyuiu.ZhanabaevTA.Sprint0.Task2.V0\Tyuiu.ZhanabaevTA.Sprint0.Task2.V0.csproj", "{9D31A65B-5D45-445D-9339-E814994B993B}"
EndProject
Project("{9A19103F-16F7-4668-BE54-9A1E7A4F7556}") = "Tyuiu.ZhanabaevTA.Sprint0.Task0.V0.Test", "Tyuiu.ZhanabaevTA.Sprint0.Task0.V0.Test\Tyuiu.ZhanabaevTA.Sprint0.Task0.V0.Test.csproj", "{A87D760B-467C-4ECA-A7DD-2370C493F718}"
EndProject
Project("{9A19103F-16F7-4668-BE54-9A1E7A4F7556}") = "Tyuiu.ZhanabaevTA.Sprint0.Task2.V0.Lib", "Tyuiu.ZhanabaevTA.Sprint0.Task2.V0.Lib\Tyuiu.ZhanabaevTA.Sprint0.Task2.V0.Lib.csproj", "{A174D5E7-B7A4-435B-930C-3FA516CE8C0C}"
EndProject
Project("{2150E333-8FDC-42A3-9474-1A3956D46DE8}") = "Task3", "Task3", "{8A943EDC-FCAD-4000-8FD5-FC9558D2645B}"
EndProject
Project("{9A19103F-16F7-4668-BE54-9A1E7A4F7556}") = "Tyuiu.ZhanabaevTA.Sprint0.Task3.V0", "Tyuiu.ZhanabaevTA.Sprint0.Task3.V0\Tyuiu.ZhanabaevTA.Sprint0.Task3.V0.csproj", "{5B41C363-64CC-4EEB-9DB1-53AADA81870E}"
EndProject
Project("{9A19103F-16F7-4668-BE54-9A1E7A4F7556}") = "Tyuiu.ZhanabaevTA.Sprint0.Task3.V0.Lib", "Tyuiu.ZhanabaevTA.Sprint0.Task3.V0.Lib\Tyuiu.ZhanabaevTA.Sprint0.Task3.V0.Lib.csproj", "{A5A7E66A-1128-497E-8087-5CADC61F3560}"
EndProject
Project("{9A19103F-16F7-4668-BE54-9A1E7A4F7556}") = "Tyuiu.ZhanabaevTA.Sprint0.Task3.V0.Test", "Tyuiu.ZhanabaevTA.Sprint0.Task3.V0.Test\Tyuiu.ZhanabaevTA.Sprint0.Task3.V0.Test.csproj", "{8EC5D322-3E23-45A4-8212-A423B4E69C31}"
EndProject
Project("{2150E333-8FDC-42A3-9474-1A3956D46DE8}") = "Task4", "Task4", "{7270A23A-B137-469D-82C1-011D429E6A7B}"
EndProject
Project("{9A19103F-16F7-4668-BE54-9A1E7A4F7556}") = "Tyuiu.ZhanabaevTA.Sprint0.Task4.V0", "Tyuiu.ZhanabaevTA.Sprint0.Task4.V0\Tyuiu.ZhanabaevTA.Sprint0.Task4.V0.csproj", "{31C07648-E837-4E2E-BD39-7803664E0D15}"
EndProject
Project("{9A19103F-16F7-4668-BE54-9A1E7A4F7556}") = "Tyuiu.ZhanabaevTA.Sprint0.Task4.V0.Test", "Tyuiu.ZhanabaevTA.Sprint0.Task4.V0.Test\Tyuiu.ZhanabaevTA.Sprint0.Task4.V0.Test.csproj", "{F7B868D9-5919-424D-AA67-F97C127DBED7}"
EndProject
Project("{9A19103F-16F7-4668-BE54-9A1E7A4F7556}") = "Tyuiu.ZhanabaevTA.Sprint0.Task4.V0.Lib", "Tyuiu.ZhanabaevTA.Sprint0.Task4.V0.Lib\Tyuiu.ZhanabaevTA.Sprint0.Task4.V0.Lib.csproj", "{D9ECF9F5-5BD6-41C5-A405-262F0BE31F4D}"
EndProject
Project("{2150E333-8FDC-42A3-9474-1A3956D46DE8}") = "Task5", "Task5", "{1320FEF8-709D-45D6-82A2-25297771E096}"
EndProject
Project("{9A19103F-16F7-4668-BE54-9A1E7A4F7556}") = "Tyuiu.ZhanabaevTA.Sprint0.Task5.V0", "Tyuiu.ZhanabaevTA.Sprint0.Task5.V0\Tyuiu.ZhanabaevTA.Sprint0.Task5.V0.csproj", "{129C812D-382C-499E-94BE-DC70B63304FF}"
EndProject
Project("{9A19103F-16F7-4668-BE54-9A1E7A4F7556}") = "Tyuiu.ZhanabaevTA.Sprint0.Task5.V0.Lib", "Tyuiu.ZhanabaevTA.Sprint0.Task5.V0.Lib\Tyuiu.ZhanabaevTA.Sprint0.Task5.V0.Lib.csproj", "{8E78FF49-ED17-4C68-8532-6019A0C799CC}"
EndProject
Project("{9A19103F-16F7-4668-BE54-9A1E7A4F7556}") = "Tyuiu.ZhanabaevTA.Sprint0.Task5.V0.Test", "Tyuiu.ZhanabaevTA.Sprint0.Task5.V0.Test\Tyuiu.ZhanabaevTA.Sprint0.Task5.V0.Test.csproj", "{515B31F9-D163-4F42-98DD-AF59D384E52A}"
EndProject
Project("{2150E333-8FDC-42A3-9474-1A3956D46DE8}") = "Task6", "Task6", "{84B674E4-44E7-47DB-8EE4-C26D9A0C19A9}"
EndProject
Project("{9A19103F-16F7-4668-BE54-9A1E7A4F7556}") = "Tyuiu.ZhanabaevTA.Sprint0.Task6.V0", "Tyuiu.ZhanabaevTA.Sprint0.Task6.V0\Tyuiu.ZhanabaevTA.Sprint0.Task6.V0.csproj", "{BE60C9B2-3728-4DF0-916F-B14020D1B2AE}"
EndProject
Project("{9A19103F-16F7-4668-BE54-9A1E7A4F7556}") = "Tyuiu.ZhanabaevTA.Sprint0.Task6.V0.Test", "Tyuiu.ZhanabaevTA.Sprint0.Task6.V0.Test\Tyuiu.ZhanabaevTA.Sprint0.Task6.V0.Test.csproj", "{4599A91E-73DA-4D38-B4DD-412942006671}"
EndProject
Project("{9A19103F-16F7-4668-BE54-9A1E7A4F7556}") = "Tyuiu.ZhanabaevTA.Sprint0.Task6.V0.Lib", "Tyuiu.ZhanabaevTA.Sprint0.Task6.V0.Lib\Tyuiu.ZhanabaevTA.Sprint0.Task6.V0.Lib.csproj", "{115A3CC1-8E75-4ABC-98A4-E15D8375E20E}"
EndProject
Project("{2150E333-8FDC-42A3-9474-1A3956D46DE8}") = "Task7", "Task7", "{7E55CC55-18D9-4686-98F5-695CF0154891}"
EndProject
Project("{FAE04EC0-301F-11D3-BF4B-00C04F79EFBC}") = "Tyuiu.ZhanabaevTA.Sprint0.Task7.V0", "Tyuiu.ZhanabaevTA.Sprint0.Task7.V0\Tyuiu.ZhanabaevTA.Sprint0.Task7.V0.csproj", "{1927C767-102B-4927-8FB5-5E01D50FE502}"
EndProject
Project("{FAE04EC0-301F-11D3-BF4B-00C04F79EFBC}") = "Tyuiu.ZhanabaevTA.Sprint0.Task7.V0.Lib", "Tyuiu.ZhanabaevTA.Sprint0.Task7.V0.Lib\Tyuiu.ZhanabaevTA.Sprint0.Task7.V0.Lib.csproj", "{6AC57C15-6697-4D3C-B0E1-D68095E114DE}"
EndProject
Project("{FAE04EC0-301F-11D3-BF4B-00C04F79EFBC}") = "Tyuiu.ZhanabaevTA.Sprint0.Task7.V0.Test", "Tyuiu.ZhanabaevTA.Sprint0.Task7.V0.Test\Tyuiu.ZhanabaevTA.Sprint0.Task7.V0.Test.csproj", "{7C349491-E69A-404D-9F3B-D91637A1A86C}"
EndProject
Global
	GlobalSection(SolutionConfigurationPlatforms) = preSolution
		Debug|Any CPU = Debug|Any CPU
		Release|Any CPU = Release|Any CPU
	EndGlobalSection
	GlobalSection(ProjectConfigurationPlatforms) = postSolution
		{F051547F-95D5-4718-84D6-D4C1E52ABD26}.Debug|Any CPU.ActiveCfg = Debug|Any CPU
		{F051547F-95D5-4718-84D6-D4C1E52ABD26}.Debug|Any CPU.Build.0 = Debug|Any CPU
		{F051547F-95D5-4718-84D6-D4C1E52ABD26}.Release|Any CPU.ActiveCfg = Release|Any CPU
		{F051547F-95D5-4718-84D6-D4C1E52ABD26}.Release|Any CPU.Build.0 = Release|Any CPU
		{433B7647-0DAF-4216-A620-99192ADB6DFC}.Debug|Any CPU.ActiveCfg = Debug|Any CPU
		{433B7647-0DAF-4216-A620-99192ADB6DFC}.Debug|Any CPU.Build.0 = Debug|Any CPU
		{433B7647-0DAF-4216-A620-99192ADB6DFC}.Release|Any CPU.ActiveCfg = Release|Any CPU
		{433B7647-0DAF-4216-A620-99192ADB6DFC}.Release|Any CPU.Build.0 = Release|Any CPU
		{9D31A65B-5D45-445D-9339-E814994B993B}.Debug|Any CPU.ActiveCfg = Debug|Any CPU
		{9D31A65B-5D45-445D-9339-E814994B993B}.Debug|Any CPU.Build.0 = Debug|Any CPU
		{9D31A65B-5D45-445D-9339-E814994B993B}.Release|Any CPU.ActiveCfg = Release|Any CPU
		{9D31A65B-5D45-445D-9339-E814994B993B}.Release|Any CPU.Build.0 = Release|Any CPU
		{A87D760B-467C-4ECA-A7DD-2370C493F718}.Debug|Any CPU.ActiveCfg = Debug|Any CPU
		{A87D760B-467C-4ECA-A7DD-2370C493F718}.Debug|Any CPU.Build.0 = Debug|Any CPU
		{A87D760B-467C-4ECA-A7DD-2370C493F718}.Release|Any CPU.ActiveCfg = Release|Any CPU
		{A87D760B-467C-4ECA-A7DD-2370C493F718}.Release|Any CPU.Build.0 = Release|Any CPU
		{A174D5E7-B7A4-435B-930C-3FA516CE8C0C}.Debug|Any CPU.ActiveCfg = Debug|Any CPU
		{A174D5E7-B7A4-435B-930C-3FA516CE8C0C}.Debug|Any CPU.Build.0 = Debug|Any CPU
		{A174D5E7-B7A4-435B-930C-3FA516CE8C0C}.Release|Any CPU.ActiveCfg = Release|Any CPU
		{A174D5E7-B7A4-435B-930C-3FA516CE8C0C}.Release|Any CPU.Build.0 = Release|Any CPU
		{5B41C363-64CC-4EEB-9DB1-53AADA81870E}.Debug|Any CPU.ActiveCfg = Debug|Any CPU
		{5B41C363-64CC-4EEB-9DB1-53AADA81870E}.Debug|Any CPU.Build.0 = Debug|Any CPU
		{5B41C363-64CC-4EEB-9DB1-53AADA81870E}.Release|Any CPU.ActiveCfg = Release|Any CPU
		{5B41C363-64CC-4EEB-9DB1-53AADA81870E}.Release|Any CPU.Build.0 = Release|Any CPU
		{A5A7E66A-1128-497E-8087-5CADC61F3560}.Debug|Any CPU.ActiveCfg = Debug|Any CPU
		{A5A7E66A-1128-497E-8087-5CADC61F3560}.Debug|Any CPU.Build.0 = Debug|Any CPU
		{A5A7E66A-1128-497E-8087-5CADC61F3560}.Release|Any CPU.ActiveCfg = Release|Any CPU
		{A5A7E66A-1128-497E-8087-5CADC61F3560}.Release|Any CPU.Build.0 = Release|Any CPU
		{8EC5D322-3E23-45A4-8212-A423B4E69C31}.Debug|Any CPU.ActiveCfg = Debug|Any CPU
		{8EC5D322-3E23-45A4-8212-A423B4E69C31}.Debug|Any CPU.Build.0 = Debug|Any CPU
		{8EC5D322-3E23-45A4-8212-A423B4E69C31}.Release|Any CPU.ActiveCfg = Release|Any CPU
		{8EC5D322-3E23-45A4-8212-A423B4E69C31}.Release|Any CPU.Build.0 = Release|Any CPU
		{31C07648-E837-4E2E-BD39-7803664E0D15}.Debug|Any CPU.ActiveCfg = Debug|Any CPU
		{31C07648-E837-4E2E-BD39-7803664E0D15}.Debug|Any CPU.Build.0 = Debug|Any CPU
		{31C07648-E837-4E2E-BD39-7803664E0D15}.Release|Any CPU.ActiveCfg = Release|Any CPU
		{31C07648-E837-4E2E-BD39-7803664E0D15}.Release|Any CPU.Build.0 = Release|Any CPU
		{F7B868D9-5919-424D-AA67-F97C127DBED7}.Debug|Any CPU.ActiveCfg = Debug|Any CPU
		{F7B868D9-5919-424D-AA67-F97C127DBED7}.Debug|Any CPU.Build.0 = Debug|Any CPU
		{F7B868D9-5919-424D-AA67-F97C127DBED7}.Release|Any CPU.ActiveCfg = Release|Any CPU
		{F7B868D9-5919-424D-AA67-F97C127DBED7}.Release|Any CPU.Build.0 = Release|Any CPU
		{D9ECF9F5-5BD6-41C5-A405-262F0BE31F4D}.Debug|Any CPU.ActiveCfg = Debug|Any CPU
		{D9ECF9F5-5BD6-41C5-A405-262F0BE31F4D}.Debug|Any CPU.Build.0 = Debug|Any CPU
		{D9ECF9F5-5BD6-41C5-A405-262F0BE31F4D}.Release|Any CPU.ActiveCfg = Release|Any CPU
		{D9ECF9F5-5BD6-41C5-A405-262F0BE31F4D}.Release|Any CPU.Build.0 = Release|Any CPU
		{129C812D-382C-499E-94BE-DC70B63304FF}.Debug|Any CPU.ActiveCfg = Debug|Any CPU
		{129C812D-382C-499E-94BE-DC70B63304FF}.Debug|Any CPU.Build.0 = Debug|Any CPU
		{129C812D-382C-499E-94BE-DC70B63304FF}.Release|Any CPU.ActiveCfg = Release|Any CPU
		{129C812D-382C-499E-94BE-DC70B63304FF}.Release|Any CPU.Build.0 = Release|Any CPU
		{8E78FF49-ED17-4C68-8532-6019A0C799CC}.Debug|Any CPU.ActiveCfg = Debug|Any CPU
		{8E78FF49-ED17-4C68-8532-6019A0C799CC}.Debug|Any CPU.Build.0 = Debug|Any CPU
		{8E78FF49-ED17-4C68-8532-6019A0C799CC}.Release|Any CPU.ActiveCfg = Release|Any CPU
		{8E78FF49-ED17-4C68-8532-6019A0C799CC}.Release|Any CPU.Build.0 = Release|Any CPU
		{515B31F9-D163-4F42-98DD-AF59D384E52A}.Debug|Any CPU.ActiveCfg = Debug|Any CPU
		{515B31F9-D163-4F42-98DD-AF59D384E52A}.Debug|Any CPU.Build.0 = Debug|Any CPU
		{515B31F9-D163-4F42-98DD-AF59D384E52A}.Release|Any CPU.ActiveCfg = Release|Any CPU
		{515B31F9-D163-4F42-98DD-AF59D384E52A}.Release|Any CPU.Build.0 = Release|Any CPU
		{BE60C9B2-3728-4DF0-916F-B14020D1B2AE}.Debug|Any CPU.ActiveCfg = Debug|Any CPU
		{BE60C9B2-3728-4DF0-916F-B14020D1B2AE}.Debug|Any CPU.Build.0 = Debug|Any CPU
		{BE60C9B2-3728-4DF0-916F-B14020D1B2AE}.Release|Any CPU.ActiveCfg = Release|Any CPU
		{BE60C9B2-3728-4DF0-916F-B14020D1B2AE}.Release|Any CPU.Build.0 = Release|Any CPU
		{4599A91E-73DA-4D38-B4DD-412942006671}.Debug|Any CPU.ActiveCfg = Debug|Any CPU
		{4599A91E-73DA-4D38-B4DD-412942006671}.Debug|Any CPU.Build.0 = Debug|Any CPU
		{4599A91E-73DA-4D38-B4DD-412942006671}.Release|Any CPU.ActiveCfg = Release|Any CPU
		{4599A91E-73DA-4D38-B4DD-412942006671}.Release|Any CPU.Build.0 = Release|Any CPU
		{115A3CC1-8E75-4ABC-98A4-E15D8375E20E}.Debug|Any CPU.ActiveCfg = Debug|Any CPU
		{115A3CC1-8E75-4ABC-98A4-E15D8375E20E}.Debug|Any CPU.Build.0 = Debug|Any CPU
		{115A3CC1-8E75-4ABC-98A4-E15D8375E20E}.Release|Any CPU.ActiveCfg = Release|Any CPU
		{115A3CC1-8E75-4ABC-98A4-E15D8375E20E}.Release|Any CPU.Build.0 = Release|Any CPU
		{1927C767-102B-4927-8FB5-5E01D50FE502}.Debug|Any CPU.ActiveCfg = Debug|Any CPU
		{1927C767-102B-4927-8FB5-5E01D50FE502}.Debug|Any CPU.Build.0 = Debug|Any CPU
		{1927C767-102B-4927-8FB5-5E01D50FE502}.Release|Any CPU.ActiveCfg = Release|Any CPU
		{1927C767-102B-4927-8FB5-5E01D50FE502}.Release|Any CPU.Build.0 = Release|Any CPU
		{6AC57C15-6697-4D3C-B0E1-D68095E114DE}.Debug|Any CPU.ActiveCfg = Debug|Any CPU
		{6AC57C15-6697-4D3C-B0E1-D68095E114DE}.Debug|Any CPU.Build.0 = Debug|Any CPU
		{6AC57C15-6697-4D3C-B0E1-D68095E114DE}.Release|Any CPU.ActiveCfg = Release|Any CPU
		{6AC57C15-6697-4D3C-B0E1-D68095E114DE}.Release|Any CPU.Build.0 = Release|Any CPU
		{7C349491-E69A-404D-9F3B-D91637A1A86C}.Debug|Any CPU.ActiveCfg = Debug|Any CPU
		{7C349491-E69A-404D-9F3B-D91637A1A86C}.Debug|Any CPU.Build.0 = Debug|Any CPU
		{7C349491-E69A-404D-9F3B-D91637A1A86C}.Release|Any CPU.ActiveCfg = Release|Any CPU
		{7C349491-E69A-404D-9F3B-D91637A1A86C}.Release|Any CPU.Build.0 = Release|Any CPU
	EndGlobalSection
	GlobalSection(SolutionProperties) = preSolution
		HideSolutionNode = FALSE
	EndGlobalSection
	GlobalSection(NestedProjects) = preSolution
		{F051547F-95D5-4718-84D6-D4C1E52ABD26} = {D0E73D93-7410-4A76-9E8F-9489BCCCD654}
		{433B7647-0DAF-4216-A620-99192ADB6DFC} = {A41C3604-E16D-43C9-B7D8-252AF3325EA2}
		{9D31A65B-5D45-445D-9339-E814994B993B} = {89D20775-4EAF-44B0-86EE-156FA2954ADC}
		{A87D760B-467C-4ECA-A7DD-2370C493F718} = {89D20775-4EAF-44B0-86EE-156FA2954ADC}
		{A174D5E7-B7A4-435B-930C-3FA516CE8C0C} = {89D20775-4EAF-44B0-86EE-156FA2954ADC}
		{5B41C363-64CC-4EEB-9DB1-53AADA81870E} = {8A943EDC-FCAD-4000-8FD5-FC9558D2645B}
		{A5A7E66A-1128-497E-8087-5CADC61F3560} = {8A943EDC-FCAD-4000-8FD5-FC9558D2645B}
		{8EC5D322-3E23-45A4-8212-A423B4E69C31} = {8A943EDC-FCAD-4000-8FD5-FC9558D2645B}
		{31C07648-E837-4E2E-BD39-7803664E0D15} = {7270A23A-B137-469D-82C1-011D429E6A7B}
		{F7B868D9-5919-424D-AA67-F97C127DBED7} = {7270A23A-B137-469D-82C1-011D429E6A7B}
		{D9ECF9F5-5BD6-41C5-A405-262F0BE31F4D} = {7270A23A-B137-469D-82C1-011D429E6A7B}
		{129C812D-382C-499E-94BE-DC70B63304FF} = {1320FEF8-709D-45D6-82A2-25297771E096}
		{8E78FF49-ED17-4C68-8532-6019A0C799CC} = {1320FEF8-709D-45D6-82A2-25297771E096}
		{515B31F9-D163-4F42-98DD-AF59D384E52A} = {1320FEF8-709D-45D6-82A2-25297771E096}
		{BE60C9B2-3728-4DF0-916F-B14020D1B2AE} = {84B674E4-44E7-47DB-8EE4-C26D9A0C19A9}
		{4599A91E-73DA-4D38-B4DD-412942006671} = {84B674E4-44E7-47DB-8EE4-C26D9A0C19A9}
		{115A3CC1-8E75-4ABC-98A4-E15D8375E20E} = {84B674E4-44E7-47DB-8EE4-C26D9A0C19A9}
		{1927C767-102B-4927-8FB5-5E01D50FE502} = {7E55CC55-18D9-4686-98F5-695CF0154891}
		{6AC57C15-6697-4D3C-B0E1-D68095E114DE} = {7E55CC55-18D9-4686-98F5-695CF0154891}
		{7C349491-E69A-404D-9F3B-D91637A1A86C} = {7E55CC55-18D9-4686-98F5-695CF0154891}
	EndGlobalSection
	GlobalSection(ExtensibilityGlobals) = postSolution
		SolutionGuid = {0D0C50B7-1747-4FE8-B549-96FA0B0F738E}
	EndGlobalSection
EndGlobal
